// !$*UTF8*$!
{
	archiveVersion = 1;
	classes = {
	};
	objectVersion = 46;
	objects = {

/* Begin PBXBuildFile section */
		4C77C3C01B6E58B200F4506F /* NSErrorExtensions.swift in Sources */ = {isa = PBXBuildFile; fileRef = 4C77C3BF1B6E58B200F4506F /* NSErrorExtensions.swift */; };
		4CBA8F531B6AA23F00B4748F /* ForecastView.framework in Frameworks */ = {isa = PBXBuildFile; fileRef = 4CDABFDF1B6A9EE300FABA32 /* ForecastView.framework */; };
		4CBA8F541B6AA23F00B4748F /* ForecastView.framework in Embed Frameworks */ = {isa = PBXBuildFile; fileRef = 4CDABFDF1B6A9EE300FABA32 /* ForecastView.framework */; settings = {ATTRIBUTES = (CodeSignOnCopy, RemoveHeadersOnCopy, ); }; };
		4CDABFE51B6A9EE300FABA32 /* ForecastView.h in Headers */ = {isa = PBXBuildFile; fileRef = 4CDABFE41B6A9EE300FABA32 /* ForecastView.h */; settings = {ATTRIBUTES = (Public, ); }; };
		4CDAC0081B6A9F6100FABA32 /* Conditions.swift in Sources */ = {isa = PBXBuildFile; fileRef = 4CDABFFD1B6A9F6100FABA32 /* Conditions.swift */; };
		4CDAC0091B6A9F6100FABA32 /* ConditionsView.swift in Sources */ = {isa = PBXBuildFile; fileRef = 4CDABFFE1B6A9F6100FABA32 /* ConditionsView.swift */; };
		4CDAC00A1B6A9F6100FABA32 /* Forecast.swift in Sources */ = {isa = PBXBuildFile; fileRef = 4CDABFFF1B6A9F6100FABA32 /* Forecast.swift */; };
		4CDAC00B1B6A9F6100FABA32 /* ForecastCollectionViewCell.swift in Sources */ = {isa = PBXBuildFile; fileRef = 4CDAC0001B6A9F6100FABA32 /* ForecastCollectionViewCell.swift */; };
		4CDAC00C1B6A9F6100FABA32 /* ForecastDataSource.swift in Sources */ = {isa = PBXBuildFile; fileRef = 4CDAC0011B6A9F6100FABA32 /* ForecastDataSource.swift */; };
		4CDAC00D1B6A9F6100FABA32 /* ForecastView.swift in Sources */ = {isa = PBXBuildFile; fileRef = 4CDAC0021B6A9F6100FABA32 /* ForecastView.swift */; };
		4CDAC00E1B6A9F6100FABA32 /* ForecastViewDelegate.swift in Sources */ = {isa = PBXBuildFile; fileRef = 4CDAC0031B6A9F6100FABA32 /* ForecastViewDelegate.swift */; };
		4CDAC00F1B6A9F6100FABA32 /* ForecastViewDisplayable.swift in Sources */ = {isa = PBXBuildFile; fileRef = 4CDAC0041B6A9F6100FABA32 /* ForecastViewDisplayable.swift */; };
		4CDAC0101B6A9F6100FABA32 /* SimpleForecastCollectionViewCell.swift in Sources */ = {isa = PBXBuildFile; fileRef = 4CDAC0051B6A9F6100FABA32 /* SimpleForecastCollectionViewCell.swift */; };
		4CDAC0111B6A9F6100FABA32 /* Temperature.swift in Sources */ = {isa = PBXBuildFile; fileRef = 4CDAC0061B6A9F6100FABA32 /* Temperature.swift */; };
		4CDAC0121B6A9F6100FABA32 /* WundergroundDataSource.swift in Sources */ = {isa = PBXBuildFile; fileRef = 4CDAC0071B6A9F6100FABA32 /* WundergroundDataSource.swift */; };
		4CDAC0201B6AA07800FABA32 /* AppDelegate.swift in Sources */ = {isa = PBXBuildFile; fileRef = 4CDAC01F1B6AA07800FABA32 /* AppDelegate.swift */; };
		4CDAC0221B6AA07800FABA32 /* ViewController.swift in Sources */ = {isa = PBXBuildFile; fileRef = 4CDAC0211B6AA07800FABA32 /* ViewController.swift */; };
		4CDAC0251B6AA07800FABA32 /* Main.storyboard in Resources */ = {isa = PBXBuildFile; fileRef = 4CDAC0231B6AA07800FABA32 /* Main.storyboard */; };
		4CDAC0271B6AA07800FABA32 /* Images.xcassets in Resources */ = {isa = PBXBuildFile; fileRef = 4CDAC0261B6AA07800FABA32 /* Images.xcassets */; };
		4CDAC02A1B6AA07800FABA32 /* LaunchScreen.xib in Resources */ = {isa = PBXBuildFile; fileRef = 4CDAC0281B6AA07800FABA32 /* LaunchScreen.xib */; };
/* End PBXBuildFile section */

/* Begin PBXContainerItemProxy section */
		4CBA8F551B6AA23F00B4748F /* PBXContainerItemProxy */ = {
			isa = PBXContainerItemProxy;
			containerPortal = 4CDABFD61B6A9EE300FABA32 /* Project object */;
			proxyType = 1;
			remoteGlobalIDString = 4CDABFDE1B6A9EE300FABA32;
			remoteInfo = ForecastView;
		};
/* End PBXContainerItemProxy section */

/* Begin PBXCopyFilesBuildPhase section */
		4CBA8F571B6AA23F00B4748F /* Embed Frameworks */ = {
			isa = PBXCopyFilesBuildPhase;
			buildActionMask = 2147483647;
			dstPath = "";
			dstSubfolderSpec = 10;
			files = (
				4CBA8F541B6AA23F00B4748F /* ForecastView.framework in Embed Frameworks */,
			);
			name = "Embed Frameworks";
			runOnlyForDeploymentPostprocessing = 0;
		};
/* End PBXCopyFilesBuildPhase section */

/* Begin PBXFileReference section */
		4C77C3BF1B6E58B200F4506F /* NSErrorExtensions.swift */ = {isa = PBXFileReference; fileEncoding = 4; lastKnownFileType = sourcecode.swift; path = NSErrorExtensions.swift; sourceTree = "<group>"; };
		4CDABFDF1B6A9EE300FABA32 /* ForecastView.framework */ = {isa = PBXFileReference; explicitFileType = wrapper.framework; includeInIndex = 0; path = ForecastView.framework; sourceTree = BUILT_PRODUCTS_DIR; };
		4CDABFE31B6A9EE300FABA32 /* Info.plist */ = {isa = PBXFileReference; lastKnownFileType = text.plist.xml; path = Info.plist; sourceTree = "<group>"; };
		4CDABFE41B6A9EE300FABA32 /* ForecastView.h */ = {isa = PBXFileReference; lastKnownFileType = sourcecode.c.h; path = ForecastView.h; sourceTree = "<group>"; };
		4CDABFFD1B6A9F6100FABA32 /* Conditions.swift */ = {isa = PBXFileReference; fileEncoding = 4; lastKnownFileType = sourcecode.swift; path = Conditions.swift; sourceTree = "<group>"; };
		4CDABFFE1B6A9F6100FABA32 /* ConditionsView.swift */ = {isa = PBXFileReference; fileEncoding = 4; lastKnownFileType = sourcecode.swift; path = ConditionsView.swift; sourceTree = "<group>"; };
		4CDABFFF1B6A9F6100FABA32 /* Forecast.swift */ = {isa = PBXFileReference; fileEncoding = 4; lastKnownFileType = sourcecode.swift; path = Forecast.swift; sourceTree = "<group>"; };
		4CDAC0001B6A9F6100FABA32 /* ForecastCollectionViewCell.swift */ = {isa = PBXFileReference; fileEncoding = 4; lastKnownFileType = sourcecode.swift; path = ForecastCollectionViewCell.swift; sourceTree = "<group>"; };
		4CDAC0011B6A9F6100FABA32 /* ForecastDataSource.swift */ = {isa = PBXFileReference; fileEncoding = 4; lastKnownFileType = sourcecode.swift; path = ForecastDataSource.swift; sourceTree = "<group>"; };
		4CDAC0021B6A9F6100FABA32 /* ForecastView.swift */ = {isa = PBXFileReference; fileEncoding = 4; lastKnownFileType = sourcecode.swift; path = ForecastView.swift; sourceTree = "<group>"; };
		4CDAC0031B6A9F6100FABA32 /* ForecastViewDelegate.swift */ = {isa = PBXFileReference; fileEncoding = 4; lastKnownFileType = sourcecode.swift; path = ForecastViewDelegate.swift; sourceTree = "<group>"; };
		4CDAC0041B6A9F6100FABA32 /* ForecastViewDisplayable.swift */ = {isa = PBXFileReference; fileEncoding = 4; lastKnownFileType = sourcecode.swift; path = ForecastViewDisplayable.swift; sourceTree = "<group>"; };
		4CDAC0051B6A9F6100FABA32 /* SimpleForecastCollectionViewCell.swift */ = {isa = PBXFileReference; fileEncoding = 4; lastKnownFileType = sourcecode.swift; path = SimpleForecastCollectionViewCell.swift; sourceTree = "<group>"; };
		4CDAC0061B6A9F6100FABA32 /* Temperature.swift */ = {isa = PBXFileReference; fileEncoding = 4; lastKnownFileType = sourcecode.swift; path = Temperature.swift; sourceTree = "<group>"; };
		4CDAC0071B6A9F6100FABA32 /* WundergroundDataSource.swift */ = {isa = PBXFileReference; fileEncoding = 4; lastKnownFileType = sourcecode.swift; path = WundergroundDataSource.swift; sourceTree = "<group>"; };
		4CDAC01B1B6AA07800FABA32 /* ForecastViewExample.app */ = {isa = PBXFileReference; explicitFileType = wrapper.application; includeInIndex = 0; path = ForecastViewExample.app; sourceTree = BUILT_PRODUCTS_DIR; };
		4CDAC01E1B6AA07800FABA32 /* Info.plist */ = {isa = PBXFileReference; lastKnownFileType = text.plist.xml; path = Info.plist; sourceTree = "<group>"; };
		4CDAC01F1B6AA07800FABA32 /* AppDelegate.swift */ = {isa = PBXFileReference; lastKnownFileType = sourcecode.swift; path = AppDelegate.swift; sourceTree = "<group>"; };
		4CDAC0211B6AA07800FABA32 /* ViewController.swift */ = {isa = PBXFileReference; lastKnownFileType = sourcecode.swift; path = ViewController.swift; sourceTree = "<group>"; };
		4CDAC0241B6AA07800FABA32 /* Base */ = {isa = PBXFileReference; lastKnownFileType = file.storyboard; name = Base; path = Base.lproj/Main.storyboard; sourceTree = "<group>"; };
		4CDAC0261B6AA07800FABA32 /* Images.xcassets */ = {isa = PBXFileReference; lastKnownFileType = folder.assetcatalog; path = Images.xcassets; sourceTree = "<group>"; };
		4CDAC0291B6AA07800FABA32 /* Base */ = {isa = PBXFileReference; lastKnownFileType = file.xib; name = Base; path = Base.lproj/LaunchScreen.xib; sourceTree = "<group>"; };
/* End PBXFileReference section */

/* Begin PBXFrameworksBuildPhase section */
		4CDABFDB1B6A9EE300FABA32 /* Frameworks */ = {
			isa = PBXFrameworksBuildPhase;
			buildActionMask = 2147483647;
			files = (
			);
			runOnlyForDeploymentPostprocessing = 0;
		};
		4CDAC0181B6AA07800FABA32 /* Frameworks */ = {
			isa = PBXFrameworksBuildPhase;
			buildActionMask = 2147483647;
			files = (
				4CBA8F531B6AA23F00B4748F /* ForecastView.framework in Frameworks */,
			);
			runOnlyForDeploymentPostprocessing = 0;
		};
/* End PBXFrameworksBuildPhase section */

/* Begin PBXGroup section */
		4C77C3BE1B6E58A400F4506F /* Extensions */ = {
			isa = PBXGroup;
			children = (
				4C77C3BF1B6E58B200F4506F /* NSErrorExtensions.swift */,
			);
			name = Extensions;
			sourceTree = "<group>";
		};
		4CDABFD51B6A9EE300FABA32 = {
			isa = PBXGroup;
			children = (
				4CDABFE11B6A9EE300FABA32 /* ForecastView */,
				4CDAC01C1B6AA07800FABA32 /* ForecastViewExample */,
				4CDABFE01B6A9EE300FABA32 /* Products */,
			);
			sourceTree = "<group>";
		};
		4CDABFE01B6A9EE300FABA32 /* Products */ = {
			isa = PBXGroup;
			children = (
				4CDABFDF1B6A9EE300FABA32 /* ForecastView.framework */,
				4CDAC01B1B6AA07800FABA32 /* ForecastViewExample.app */,
			);
			name = Products;
			sourceTree = "<group>";
		};
		4CDABFE11B6A9EE300FABA32 /* ForecastView */ = {
			isa = PBXGroup;
			children = (
				4C77C3BE1B6E58A400F4506F /* Extensions */,
				4CDAC0161B6A9FB300FABA32 /* Datasources */,
				4CDAC0151B6A9F8500FABA32 /* Views */,
				4CDAC0141B6A9F7400FABA32 /* Protocols */,
				4CDAC0131B6A9F7000FABA32 /* Models */,
				4CDABFE41B6A9EE300FABA32 /* ForecastView.h */,
				4CDAC0021B6A9F6100FABA32 /* ForecastView.swift */,
				4CDABFE21B6A9EE300FABA32 /* Supporting Files */,
			);
			path = ForecastView;
			sourceTree = "<group>";
		};
		4CDABFE21B6A9EE300FABA32 /* Supporting Files */ = {
			isa = PBXGroup;
			children = (
				4CDABFE31B6A9EE300FABA32 /* Info.plist */,
			);
			name = "Supporting Files";
			sourceTree = "<group>";
		};
		4CDAC0131B6A9F7000FABA32 /* Models */ = {
			isa = PBXGroup;
			children = (
				4CDABFFD1B6A9F6100FABA32 /* Conditions.swift */,
				4CDABFFF1B6A9F6100FABA32 /* Forecast.swift */,
				4CDAC0061B6A9F6100FABA32 /* Temperature.swift */,
			);
			name = Models;
			sourceTree = "<group>";
		};
		4CDAC0141B6A9F7400FABA32 /* Protocols */ = {
			isa = PBXGroup;
			children = (
				4CDAC0011B6A9F6100FABA32 /* ForecastDataSource.swift */,
				4CDAC0031B6A9F6100FABA32 /* ForecastViewDelegate.swift */,
				4CDAC0041B6A9F6100FABA32 /* ForecastViewDisplayable.swift */,
			);
			name = Protocols;
			sourceTree = "<group>";
		};
		4CDAC0151B6A9F8500FABA32 /* Views */ = {
			isa = PBXGroup;
			children = (
				4CDABFFE1B6A9F6100FABA32 /* ConditionsView.swift */,
				4CDAC0001B6A9F6100FABA32 /* ForecastCollectionViewCell.swift */,
				4CDAC0051B6A9F6100FABA32 /* SimpleForecastCollectionViewCell.swift */,
			);
			name = Views;
			sourceTree = "<group>";
		};
		4CDAC0161B6A9FB300FABA32 /* Datasources */ = {
			isa = PBXGroup;
			children = (
				4CDAC0071B6A9F6100FABA32 /* WundergroundDataSource.swift */,
			);
			name = Datasources;
			sourceTree = "<group>";
		};
		4CDAC01C1B6AA07800FABA32 /* ForecastViewExample */ = {
			isa = PBXGroup;
			children = (
				4CDAC01F1B6AA07800FABA32 /* AppDelegate.swift */,
				4CDAC0211B6AA07800FABA32 /* ViewController.swift */,
				4CDAC0231B6AA07800FABA32 /* Main.storyboard */,
				4CDAC0261B6AA07800FABA32 /* Images.xcassets */,
				4CDAC01D1B6AA07800FABA32 /* Supporting Files */,
			);
			path = ForecastViewExample;
			sourceTree = "<group>";
		};
		4CDAC01D1B6AA07800FABA32 /* Supporting Files */ = {
			isa = PBXGroup;
			children = (
				4CDAC0281B6AA07800FABA32 /* LaunchScreen.xib */,
				4CDAC01E1B6AA07800FABA32 /* Info.plist */,
			);
			name = "Supporting Files";
			sourceTree = "<group>";
		};
/* End PBXGroup section */

/* Begin PBXHeadersBuildPhase section */
		4CDABFDC1B6A9EE300FABA32 /* Headers */ = {
			isa = PBXHeadersBuildPhase;
			buildActionMask = 2147483647;
			files = (
				4CDABFE51B6A9EE300FABA32 /* ForecastView.h in Headers */,
			);
			runOnlyForDeploymentPostprocessing = 0;
		};
/* End PBXHeadersBuildPhase section */

/* Begin PBXNativeTarget section */
		4CDABFDE1B6A9EE300FABA32 /* ForecastView */ = {
			isa = PBXNativeTarget;
			buildConfigurationList = 4CDABFF51B6A9EE300FABA32 /* Build configuration list for PBXNativeTarget "ForecastView" */;
			buildPhases = (
				4CDABFDA1B6A9EE300FABA32 /* Sources */,
				4CDABFDB1B6A9EE300FABA32 /* Frameworks */,
				4CDABFDC1B6A9EE300FABA32 /* Headers */,
				4CDABFDD1B6A9EE300FABA32 /* Resources */,
			);
			buildRules = (
			);
			dependencies = (
			);
			name = ForecastView;
			productName = ForecastView;
			productReference = 4CDABFDF1B6A9EE300FABA32 /* ForecastView.framework */;
			productType = "com.apple.product-type.framework";
		};
		4CDAC01A1B6AA07800FABA32 /* ForecastViewExample */ = {
			isa = PBXNativeTarget;
			buildConfigurationList = 4CDAC0371B6AA07800FABA32 /* Build configuration list for PBXNativeTarget "ForecastViewExample" */;
			buildPhases = (
				4CDAC0171B6AA07800FABA32 /* Sources */,
				4CDAC0181B6AA07800FABA32 /* Frameworks */,
				4CDAC0191B6AA07800FABA32 /* Resources */,
				4CBA8F571B6AA23F00B4748F /* Embed Frameworks */,
			);
			buildRules = (
			);
			dependencies = (
				4CBA8F561B6AA23F00B4748F /* PBXTargetDependency */,
			);
			name = ForecastViewExample;
			productName = ForecastViewExample;
			productReference = 4CDAC01B1B6AA07800FABA32 /* ForecastViewExample.app */;
			productType = "com.apple.product-type.application";
		};
/* End PBXNativeTarget section */

/* Begin PBXProject section */
		4CDABFD61B6A9EE300FABA32 /* Project object */ = {
			isa = PBXProject;
			attributes = {
				LastSwiftMigration = 0700;
				LastSwiftUpdateCheck = 0700;
				LastUpgradeCheck = 0700;
				ORGANIZATIONNAME = "Raul Riera";
				TargetAttributes = {
					4CDABFDE1B6A9EE300FABA32 = {
						CreatedOnToolsVersion = 6.4;
					};
					4CDAC01A1B6AA07800FABA32 = {
						CreatedOnToolsVersion = 6.4;
					};
				};
			};
			buildConfigurationList = 4CDABFD91B6A9EE300FABA32 /* Build configuration list for PBXProject "ForecastView" */;
			compatibilityVersion = "Xcode 3.2";
			developmentRegion = English;
			hasScannedForEncodings = 0;
			knownRegions = (
				en,
				Base,
			);
			mainGroup = 4CDABFD51B6A9EE300FABA32;
			productRefGroup = 4CDABFE01B6A9EE300FABA32 /* Products */;
			projectDirPath = "";
			projectRoot = "";
			targets = (
				4CDABFDE1B6A9EE300FABA32 /* ForecastView */,
				4CDAC01A1B6AA07800FABA32 /* ForecastViewExample */,
			);
		};
/* End PBXProject section */

/* Begin PBXResourcesBuildPhase section */
		4CDABFDD1B6A9EE300FABA32 /* Resources */ = {
			isa = PBXResourcesBuildPhase;
			buildActionMask = 2147483647;
			files = (
			);
			runOnlyForDeploymentPostprocessing = 0;
		};
		4CDAC0191B6AA07800FABA32 /* Resources */ = {
			isa = PBXResourcesBuildPhase;
			buildActionMask = 2147483647;
			files = (
				4CDAC0251B6AA07800FABA32 /* Main.storyboard in Resources */,
				4CDAC02A1B6AA07800FABA32 /* LaunchScreen.xib in Resources */,
				4CDAC0271B6AA07800FABA32 /* Images.xcassets in Resources */,
			);
			runOnlyForDeploymentPostprocessing = 0;
		};
/* End PBXResourcesBuildPhase section */

/* Begin PBXSourcesBuildPhase section */
		4CDABFDA1B6A9EE300FABA32 /* Sources */ = {
			isa = PBXSourcesBuildPhase;
			buildActionMask = 2147483647;
			files = (
				4CDAC0091B6A9F6100FABA32 /* ConditionsView.swift in Sources */,
				4C77C3C01B6E58B200F4506F /* NSErrorExtensions.swift in Sources */,
				4CDAC00A1B6A9F6100FABA32 /* Forecast.swift in Sources */,
				4CDAC00B1B6A9F6100FABA32 /* ForecastCollectionViewCell.swift in Sources */,
				4CDAC0101B6A9F6100FABA32 /* SimpleForecastCollectionViewCell.swift in Sources */,
				4CDAC0081B6A9F6100FABA32 /* Conditions.swift in Sources */,
				4CDAC00F1B6A9F6100FABA32 /* ForecastViewDisplayable.swift in Sources */,
				4CDAC00C1B6A9F6100FABA32 /* ForecastDataSource.swift in Sources */,
				4CDAC00D1B6A9F6100FABA32 /* ForecastView.swift in Sources */,
				4CDAC0111B6A9F6100FABA32 /* Temperature.swift in Sources */,
				4CDAC00E1B6A9F6100FABA32 /* ForecastViewDelegate.swift in Sources */,
				4CDAC0121B6A9F6100FABA32 /* WundergroundDataSource.swift in Sources */,
			);
			runOnlyForDeploymentPostprocessing = 0;
		};
		4CDAC0171B6AA07800FABA32 /* Sources */ = {
			isa = PBXSourcesBuildPhase;
			buildActionMask = 2147483647;
			files = (
				4CDAC0221B6AA07800FABA32 /* ViewController.swift in Sources */,
				4CDAC0201B6AA07800FABA32 /* AppDelegate.swift in Sources */,
			);
			runOnlyForDeploymentPostprocessing = 0;
		};
/* End PBXSourcesBuildPhase section */

/* Begin PBXTargetDependency section */
		4CBA8F561B6AA23F00B4748F /* PBXTargetDependency */ = {
			isa = PBXTargetDependency;
			target = 4CDABFDE1B6A9EE300FABA32 /* ForecastView */;
			targetProxy = 4CBA8F551B6AA23F00B4748F /* PBXContainerItemProxy */;
		};
/* End PBXTargetDependency section */

/* Begin PBXVariantGroup section */
		4CDAC0231B6AA07800FABA32 /* Main.storyboard */ = {
			isa = PBXVariantGroup;
			children = (
				4CDAC0241B6AA07800FABA32 /* Base */,
			);
			name = Main.storyboard;
			sourceTree = "<group>";
		};
		4CDAC0281B6AA07800FABA32 /* LaunchScreen.xib */ = {
			isa = PBXVariantGroup;
			children = (
				4CDAC0291B6AA07800FABA32 /* Base */,
			);
			name = LaunchScreen.xib;
			sourceTree = "<group>";
		};
/* End PBXVariantGroup section */

/* Begin XCBuildConfiguration section */
		4CDABFF31B6A9EE300FABA32 /* Debug */ = {
			isa = XCBuildConfiguration;
			buildSettings = {
				ALWAYS_SEARCH_USER_PATHS = NO;
				CLANG_CXX_LANGUAGE_STANDARD = "gnu++0x";
				CLANG_CXX_LIBRARY = "libc++";
				CLANG_ENABLE_MODULES = YES;
				CLANG_ENABLE_OBJC_ARC = YES;
				CLANG_WARN_BOOL_CONVERSION = YES;
				CLANG_WARN_CONSTANT_CONVERSION = YES;
				CLANG_WARN_DIRECT_OBJC_ISA_USAGE = YES_ERROR;
				CLANG_WARN_EMPTY_BODY = YES;
				CLANG_WARN_ENUM_CONVERSION = YES;
				CLANG_WARN_INT_CONVERSION = YES;
				CLANG_WARN_OBJC_ROOT_CLASS = YES_ERROR;
				CLANG_WARN_UNREACHABLE_CODE = YES;
				CLANG_WARN__DUPLICATE_METHOD_MATCH = YES;
				"CODE_SIGN_IDENTITY[sdk=iphoneos*]" = "iPhone Developer";
				COPY_PHASE_STRIP = NO;
				CURRENT_PROJECT_VERSION = 1;
				DEBUG_INFORMATION_FORMAT = "dwarf-with-dsym";
				ENABLE_STRICT_OBJC_MSGSEND = YES;
				ENABLE_TESTABILITY = YES;
				GCC_C_LANGUAGE_STANDARD = gnu99;
				GCC_DYNAMIC_NO_PIC = NO;
				GCC_NO_COMMON_BLOCKS = YES;
				GCC_OPTIMIZATION_LEVEL = 0;
				GCC_PREPROCESSOR_DEFINITIONS = (
					"DEBUG=1",
					"$(inherited)",
				);
				GCC_SYMBOLS_PRIVATE_EXTERN = NO;
				GCC_WARN_64_TO_32_BIT_CONVERSION = YES;
				GCC_WARN_ABOUT_RETURN_TYPE = YES_ERROR;
				GCC_WARN_UNDECLARED_SELECTOR = YES;
				GCC_WARN_UNINITIALIZED_AUTOS = YES_AGGRESSIVE;
				GCC_WARN_UNUSED_FUNCTION = YES;
				GCC_WARN_UNUSED_VARIABLE = YES;
				IPHONEOS_DEPLOYMENT_TARGET = 8.4;
				MTL_ENABLE_DEBUG_INFO = YES;
				ONLY_ACTIVE_ARCH = YES;
				SDKROOT = iphoneos;
				SWIFT_OPTIMIZATION_LEVEL = "-Onone";
				TARGETED_DEVICE_FAMILY = "1,2";
				VERSIONING_SYSTEM = "apple-generic";
				VERSION_INFO_PREFIX = "";
			};
			name = Debug;
		};
		4CDABFF41B6A9EE300FABA32 /* Release */ = {
			isa = XCBuildConfiguration;
			buildSettings = {
				ALWAYS_SEARCH_USER_PATHS = NO;
				CLANG_CXX_LANGUAGE_STANDARD = "gnu++0x";
				CLANG_CXX_LIBRARY = "libc++";
				CLANG_ENABLE_MODULES = YES;
				CLANG_ENABLE_OBJC_ARC = YES;
				CLANG_WARN_BOOL_CONVERSION = YES;
				CLANG_WARN_CONSTANT_CONVERSION = YES;
				CLANG_WARN_DIRECT_OBJC_ISA_USAGE = YES_ERROR;
				CLANG_WARN_EMPTY_BODY = YES;
				CLANG_WARN_ENUM_CONVERSION = YES;
				CLANG_WARN_INT_CONVERSION = YES;
				CLANG_WARN_OBJC_ROOT_CLASS = YES_ERROR;
				CLANG_WARN_UNREACHABLE_CODE = YES;
				CLANG_WARN__DUPLICATE_METHOD_MATCH = YES;
				"CODE_SIGN_IDENTITY[sdk=iphoneos*]" = "iPhone Developer";
				COPY_PHASE_STRIP = NO;
				CURRENT_PROJECT_VERSION = 1;
				DEBUG_INFORMATION_FORMAT = "dwarf-with-dsym";
				ENABLE_NS_ASSERTIONS = NO;
				ENABLE_STRICT_OBJC_MSGSEND = YES;
				GCC_C_LANGUAGE_STANDARD = gnu99;
				GCC_NO_COMMON_BLOCKS = YES;
				GCC_WARN_64_TO_32_BIT_CONVERSION = YES;
				GCC_WARN_ABOUT_RETURN_TYPE = YES_ERROR;
				GCC_WARN_UNDECLARED_SELECTOR = YES;
				GCC_WARN_UNINITIALIZED_AUTOS = YES_AGGRESSIVE;
				GCC_WARN_UNUSED_FUNCTION = YES;
				GCC_WARN_UNUSED_VARIABLE = YES;
				IPHONEOS_DEPLOYMENT_TARGET = 8.4;
				MTL_ENABLE_DEBUG_INFO = NO;
				SDKROOT = iphoneos;
				TARGETED_DEVICE_FAMILY = "1,2";
				VALIDATE_PRODUCT = YES;
				VERSIONING_SYSTEM = "apple-generic";
				VERSION_INFO_PREFIX = "";
			};
			name = Release;
		};
		4CDABFF61B6A9EE300FABA32 /* Debug */ = {
			isa = XCBuildConfiguration;
			buildSettings = {
				CLANG_ENABLE_MODULES = YES;
				DEFINES_MODULE = YES;
				DYLIB_COMPATIBILITY_VERSION = 1;
				DYLIB_CURRENT_VERSION = 1;
				DYLIB_INSTALL_NAME_BASE = "@rpath";
				INFOPLIST_FILE = ForecastView/Info.plist;
				INSTALL_PATH = "$(LOCAL_LIBRARY_DIR)/Frameworks";
				LD_RUNPATH_SEARCH_PATHS = "$(inherited) @executable_path/Frameworks @loader_path/Frameworks";
				PRODUCT_BUNDLE_IDENTIFIER = "com.raulriera.$(PRODUCT_NAME:rfc1034identifier)";
				PRODUCT_NAME = "$(TARGET_NAME)";
				SKIP_INSTALL = YES;
				SWIFT_OPTIMIZATION_LEVEL = "-Onone";
			};
			name = Debug;
		};
		4CDABFF71B6A9EE300FABA32 /* Release */ = {
			isa = XCBuildConfiguration;
			buildSettings = {
				CLANG_ENABLE_MODULES = YES;
				DEFINES_MODULE = YES;
				DYLIB_COMPATIBILITY_VERSION = 1;
				DYLIB_CURRENT_VERSION = 1;
				DYLIB_INSTALL_NAME_BASE = "@rpath";
				INFOPLIST_FILE = ForecastView/Info.plist;
				INSTALL_PATH = "$(LOCAL_LIBRARY_DIR)/Frameworks";
				LD_RUNPATH_SEARCH_PATHS = "$(inherited) @executable_path/Frameworks @loader_path/Frameworks";
				PRODUCT_BUNDLE_IDENTIFIER = "com.raulriera.$(PRODUCT_NAME:rfc1034identifier)";
				PRODUCT_NAME = "$(TARGET_NAME)";
				SKIP_INSTALL = YES;
			};
			name = Release;
		};
		4CDAC0381B6AA07800FABA32 /* Debug */ = {
			isa = XCBuildConfiguration;
			buildSettings = {
				ASSETCATALOG_COMPILER_APPICON_NAME = AppIcon;
				GCC_PREPROCESSOR_DEFINITIONS = (
					"DEBUG=1",
					"$(inherited)",
				);
				INFOPLIST_FILE = ForecastViewExample/Info.plist;
				LD_RUNPATH_SEARCH_PATHS = "$(inherited) @executable_path/Frameworks";
				PRODUCT_BUNDLE_IDENTIFIER = "com.raulriera.$(PRODUCT_NAME:rfc1034identifier)";
				PRODUCT_NAME = "$(TARGET_NAME)";
			};
			name = Debug;
		};
		4CDAC0391B6AA07800FABA32 /* Release */ = {
			isa = XCBuildConfiguration;
			buildSettings = {
				ASSETCATALOG_COMPILER_APPICON_NAME = AppIcon;
				INFOPLIST_FILE = ForecastViewExample/Info.plist;
				LD_RUNPATH_SEARCH_PATHS = "$(inherited) @executable_path/Frameworks";
				PRODUCT_BUNDLE_IDENTIFIER = "com.raulriera.$(PRODUCT_NAME:rfc1034identifier)";
				PRODUCT_NAME = "$(TARGET_NAME)";
			};
			name = Release;
		};
/* End XCBuildConfiguration section */

/* Begin XCConfigurationList section */
		4CDABFD91B6A9EE300FABA32 /* Build configuration list for PBXProject "ForecastView" */ = {
			isa = XCConfigurationList;
			buildConfigurations = (
				4CDABFF31B6A9EE300FABA32 /* Debug */,
				4CDABFF41B6A9EE300FABA32 /* Release */,
			);
			defaultConfigurationIsVisible = 0;
			defaultConfigurationName = Release;
		};
		4CDABFF51B6A9EE300FABA32 /* Build configuration list for PBXNativeTarget "ForecastView" */ = {
			isa = XCConfigurationList;
			buildConfigurations = (
				4CDABFF61B6A9EE300FABA32 /* Debug */,
				4CDABFF71B6A9EE300FABA32 /* Release */,
			);
			defaultConfigurationIsVisible = 0;
			defaultConfigurationName = Release;
		};
		4CDAC0371B6AA07800FABA32 /* Build configuration list for PBXNativeTarget "ForecastViewExample" */ = {
			isa = XCConfigurationList;
			buildConfigurations = (
				4CDAC0381B6AA07800FABA32 /* Debug */,
				4CDAC0391B6AA07800FABA32 /* Release */,
			);
			defaultConfigurationIsVisible = 0;
			defaultConfigurationName = Release;
		};
/* End XCConfigurationList section */
	};
	rootObject = 4CDABFD61B6A9EE300FABA32 /* Project object */;
}
